// !$*UTF8*$!
{
	archiveVersion = 1;
	classes = {
	};
	objectVersion = 55;
	objects = {

/* Begin PBXBuildFile section */
		971829E427BF0072006DE078 /* Assets.xcassets in Resources */ = {isa = PBXBuildFile; fileRef = 971829E327BF0072006DE078 /* Assets.xcassets */; };
		971829E727BF0072006DE078 /* Preview Assets.xcassets in Resources */ = {isa = PBXBuildFile; fileRef = 971829E627BF0072006DE078 /* Preview Assets.xcassets */; };
		972854AD27BFC11D009B8F75 /* sound-rise.mp3 in Resources */ = {isa = PBXBuildFile; fileRef = 972854AA27BFC11D009B8F75 /* sound-rise.mp3 */; };
		972854AE27BFC11D009B8F75 /* sound-ding.mp3 in Resources */ = {isa = PBXBuildFile; fileRef = 972854AB27BFC11D009B8F75 /* sound-ding.mp3 */; };
		972854AF27BFC11D009B8F75 /* sound-tap.mp3 in Resources */ = {isa = PBXBuildFile; fileRef = 972854AC27BFC11D009B8F75 /* sound-tap.mp3 */; };
		972854B227BFC127009B8F75 /* CheckboxStyle.swift in Sources */ = {isa = PBXBuildFile; fileRef = 972854B127BFC127009B8F75 /* CheckboxStyle.swift */; };
		972854B627BFC13D009B8F75 /* Constant.swift in Sources */ = {isa = PBXBuildFile; fileRef = 972854B427BFC13D009B8F75 /* Constant.swift */; };
		972854B727BFC13D009B8F75 /* SoundPlayer.swift in Sources */ = {isa = PBXBuildFile; fileRef = 972854B527BFC13D009B8F75 /* SoundPlayer.swift */; };
		972854BE27BFC143009B8F75 /* BackgroundImageView.swift in Sources */ = {isa = PBXBuildFile; fileRef = 972854B927BFC143009B8F75 /* BackgroundImageView.swift */; };
		972854BF27BFC143009B8F75 /* ListRowItemView.swift in Sources */ = {isa = PBXBuildFile; fileRef = 972854BA27BFC143009B8F75 /* ListRowItemView.swift */; };
		972854C027BFC143009B8F75 /* BlankView.swift in Sources */ = {isa = PBXBuildFile; fileRef = 972854BB27BFC143009B8F75 /* BlankView.swift */; };
		972854C127BFC143009B8F75 /* NewTaskItemView.swift in Sources */ = {isa = PBXBuildFile; fileRef = 972854BC27BFC143009B8F75 /* NewTaskItemView.swift */; };
		972854C227BFC143009B8F75 /* ContentView.swift in Sources */ = {isa = PBXBuildFile; fileRef = 972854BD27BFC143009B8F75 /* ContentView.swift */; };
		972854C727BFC152009B8F75 /* Persistence.swift in Sources */ = {isa = PBXBuildFile; fileRef = 972854C427BFC152009B8F75 /* Persistence.swift */; };
		972854C827BFC152009B8F75 /* Devote.xcdatamodeld in Sources */ = {isa = PBXBuildFile; fileRef = 972854C527BFC152009B8F75 /* Devote.xcdatamodeld */; };
		972854CB27BFC158009B8F75 /* HideKeyboardExtension.swift in Sources */ = {isa = PBXBuildFile; fileRef = 972854CA27BFC158009B8F75 /* HideKeyboardExtension.swift */; };
		972854CD27BFC166009B8F75 /* DevoteApp.swift in Sources */ = {isa = PBXBuildFile; fileRef = 972854CC27BFC166009B8F75 /* DevoteApp.swift */; };
/* End PBXBuildFile section */

/* Begin PBXFileReference section */
		971829DC27BF006F006DE078 /* Devote.app */ = {isa = PBXFileReference; explicitFileType = wrapper.application; includeInIndex = 0; path = Devote.app; sourceTree = BUILT_PRODUCTS_DIR; };
		971829E327BF0072006DE078 /* Assets.xcassets */ = {isa = PBXFileReference; lastKnownFileType = folder.assetcatalog; path = Assets.xcassets; sourceTree = "<group>"; };
		971829E627BF0072006DE078 /* Preview Assets.xcassets */ = {isa = PBXFileReference; lastKnownFileType = folder.assetcatalog; path = "Preview Assets.xcassets"; sourceTree = "<group>"; };
		972854AA27BFC11D009B8F75 /* sound-rise.mp3 */ = {isa = PBXFileReference; lastKnownFileType = audio.mp3; path = "sound-rise.mp3"; sourceTree = "<group>"; };
		972854AB27BFC11D009B8F75 /* sound-ding.mp3 */ = {isa = PBXFileReference; lastKnownFileType = audio.mp3; path = "sound-ding.mp3"; sourceTree = "<group>"; };
		972854AC27BFC11D009B8F75 /* sound-tap.mp3 */ = {isa = PBXFileReference; lastKnownFileType = audio.mp3; path = "sound-tap.mp3"; sourceTree = "<group>"; };
		972854B127BFC127009B8F75 /* CheckboxStyle.swift */ = {isa = PBXFileReference; fileEncoding = 4; lastKnownFileType = sourcecode.swift; path = CheckboxStyle.swift; sourceTree = "<group>"; };
		972854B427BFC13D009B8F75 /* Constant.swift */ = {isa = PBXFileReference; fileEncoding = 4; lastKnownFileType = sourcecode.swift; path = Constant.swift; sourceTree = "<group>"; };
		972854B527BFC13D009B8F75 /* SoundPlayer.swift */ = {isa = PBXFileReference; fileEncoding = 4; lastKnownFileType = sourcecode.swift; path = SoundPlayer.swift; sourceTree = "<group>"; };
		972854B927BFC143009B8F75 /* BackgroundImageView.swift */ = {isa = PBXFileReference; fileEncoding = 4; lastKnownFileType = sourcecode.swift; path = BackgroundImageView.swift; sourceTree = "<group>"; };
		972854BA27BFC143009B8F75 /* ListRowItemView.swift */ = {isa = PBXFileReference; fileEncoding = 4; lastKnownFileType = sourcecode.swift; path = ListRowItemView.swift; sourceTree = "<group>"; };
		972854BB27BFC143009B8F75 /* BlankView.swift */ = {isa = PBXFileReference; fileEncoding = 4; lastKnownFileType = sourcecode.swift; path = BlankView.swift; sourceTree = "<group>"; };
		972854BC27BFC143009B8F75 /* NewTaskItemView.swift */ = {isa = PBXFileReference; fileEncoding = 4; lastKnownFileType = sourcecode.swift; path = NewTaskItemView.swift; sourceTree = "<group>"; };
		972854BD27BFC143009B8F75 /* ContentView.swift */ = {isa = PBXFileReference; fileEncoding = 4; lastKnownFileType = sourcecode.swift; path = ContentView.swift; sourceTree = "<group>"; };
		972854C427BFC152009B8F75 /* Persistence.swift */ = {isa = PBXFileReference; fileEncoding = 4; lastKnownFileType = sourcecode.swift; path = Persistence.swift; sourceTree = "<group>"; };
		972854C627BFC152009B8F75 /* Devote.xcdatamodel */ = {isa = PBXFileReference; lastKnownFileType = wrapper.xcdatamodel; path = Devote.xcdatamodel; sourceTree = "<group>"; };
		972854CA27BFC158009B8F75 /* HideKeyboardExtension.swift */ = {isa = PBXFileReference; fileEncoding = 4; lastKnownFileType = sourcecode.swift; path = HideKeyboardExtension.swift; sourceTree = "<group>"; };
		972854CC27BFC166009B8F75 /* DevoteApp.swift */ = {isa = PBXFileReference; fileEncoding = 4; lastKnownFileType = sourcecode.swift; name = DevoteApp.swift; path = ../../../../../Downloads/DEVOTE/Completed/Devote/Devote/DevoteApp.swift; sourceTree = "<group>"; };
/* End PBXFileReference section */

/* Begin PBXFrameworksBuildPhase section */
		971829D927BF006F006DE078 /* Frameworks */ = {
			isa = PBXFrameworksBuildPhase;
			buildActionMask = 2147483647;
			files = (
			);
			runOnlyForDeploymentPostprocessing = 0;
		};
/* End PBXFrameworksBuildPhase section */

/* Begin PBXGroup section */
		971829D327BF006F006DE078 = {
			isa = PBXGroup;
			children = (
				971829DE27BF006F006DE078 /* Devote */,
				971829DD27BF006F006DE078 /* Products */,
			);
			sourceTree = "<group>";
		};
		971829DD27BF006F006DE078 /* Products */ = {
			isa = PBXGroup;
			children = (
				971829DC27BF006F006DE078 /* Devote.app */,
			);
			name = Products;
			sourceTree = "<group>";
		};
		971829DE27BF006F006DE078 /* Devote */ = {
			isa = PBXGroup;
			children = (
				972854C927BFC158009B8F75 /* Extension */,
				972854C327BFC152009B8F75 /* Model */,
				972854B827BFC143009B8F75 /* View */,
				972854B327BFC13D009B8F75 /* Utility */,
				972854B027BFC127009B8F75 /* Style */,
				971829E327BF0072006DE078 /* Assets.xcassets */,
				972854CC27BFC166009B8F75 /* DevoteApp.swift */,
				972854A927BFC11D009B8F75 /* Sound */,
				971829E527BF0072006DE078 /* Preview Content */,
			);
			path = Devote;
			sourceTree = "<group>";
		};
		971829E527BF0072006DE078 /* Preview Content */ = {
			isa = PBXGroup;
			children = (
				971829E627BF0072006DE078 /* Preview Assets.xcassets */,
			);
			path = "Preview Content";
			sourceTree = "<group>";
		};
		972854A927BFC11D009B8F75 /* Sound */ = {
			isa = PBXGroup;
			children = (
				972854AA27BFC11D009B8F75 /* sound-rise.mp3 */,
				972854AB27BFC11D009B8F75 /* sound-ding.mp3 */,
				972854AC27BFC11D009B8F75 /* sound-tap.mp3 */,
			);
			name = Sound;
			path = ../../../../../Downloads/DEVOTE/Completed/Devote/Devote/Sound;
			sourceTree = "<group>";
		};
		972854B027BFC127009B8F75 /* Style */ = {
			isa = PBXGroup;
			children = (
				972854B127BFC127009B8F75 /* CheckboxStyle.swift */,
			);
			name = Style;
			path = ../../../../../Downloads/DEVOTE/Completed/Devote/Devote/Style;
			sourceTree = "<group>";
		};
		972854B327BFC13D009B8F75 /* Utility */ = {
			isa = PBXGroup;
			children = (
				972854B427BFC13D009B8F75 /* Constant.swift */,
				972854B527BFC13D009B8F75 /* SoundPlayer.swift */,
			);
			name = Utility;
			path = ../../../../../Downloads/DEVOTE/Completed/Devote/Devote/Utility;
			sourceTree = "<group>";
		};
		972854B827BFC143009B8F75 /* View */ = {
			isa = PBXGroup;
			children = (
				972854B927BFC143009B8F75 /* BackgroundImageView.swift */,
				972854BA27BFC143009B8F75 /* ListRowItemView.swift */,
				972854BB27BFC143009B8F75 /* BlankView.swift */,
				972854BC27BFC143009B8F75 /* NewTaskItemView.swift */,
				972854BD27BFC143009B8F75 /* ContentView.swift */,
			);
			name = View;
			path = ../../../../../Downloads/DEVOTE/Completed/Devote/Devote/View;
			sourceTree = "<group>";
		};
		972854C327BFC152009B8F75 /* Model */ = {
			isa = PBXGroup;
			children = (
				972854C427BFC152009B8F75 /* Persistence.swift */,
				972854C527BFC152009B8F75 /* Devote.xcdatamodeld */,
			);
			name = Model;
			path = ../../../../../Downloads/DEVOTE/Completed/Devote/Devote/Model;
			sourceTree = "<group>";
		};
		972854C927BFC158009B8F75 /* Extension */ = {
			isa = PBXGroup;
			children = (
				972854CA27BFC158009B8F75 /* HideKeyboardExtension.swift */,
			);
			name = Extension;
			path = ../../../../../Downloads/DEVOTE/Completed/Devote/Devote/Extension;
			sourceTree = "<group>";
		};
/* End PBXGroup section */

/* Begin PBXNativeTarget section */
		971829DB27BF006F006DE078 /* Devote */ = {
			isa = PBXNativeTarget;
			buildConfigurationList = 971829EA27BF0072006DE078 /* Build configuration list for PBXNativeTarget "Devote" */;
			buildPhases = (
				971829D827BF006F006DE078 /* Sources */,
				971829D927BF006F006DE078 /* Frameworks */,
				971829DA27BF006F006DE078 /* Resources */,
			);
			buildRules = (
			);
			dependencies = (
			);
			name = Devote;
			productName = Devote;
			productReference = 971829DC27BF006F006DE078 /* Devote.app */;
			productType = "com.apple.product-type.application";
		};
/* End PBXNativeTarget section */

/* Begin PBXProject section */
		971829D427BF006F006DE078 /* Project object */ = {
			isa = PBXProject;
			attributes = {
				BuildIndependentTargetsInParallel = 1;
				LastSwiftUpdateCheck = 1320;
				LastUpgradeCheck = 1320;
				TargetAttributes = {
					971829DB27BF006F006DE078 = {
						CreatedOnToolsVersion = 13.2.1;
					};
				};
			};
			buildConfigurationList = 971829D727BF006F006DE078 /* Build configuration list for PBXProject "Devote" */;
			compatibilityVersion = "Xcode 13.0";
			developmentRegion = en;
			hasScannedForEncodings = 0;
			knownRegions = (
				en,
				Base,
			);
			mainGroup = 971829D327BF006F006DE078;
			productRefGroup = 971829DD27BF006F006DE078 /* Products */;
			projectDirPath = "";
			projectRoot = "";
			targets = (
				971829DB27BF006F006DE078 /* Devote */,
			);
		};
/* End PBXProject section */

/* Begin PBXResourcesBuildPhase section */
		971829DA27BF006F006DE078 /* Resources */ = {
			isa = PBXResourcesBuildPhase;
			buildActionMask = 2147483647;
			files = (
				972854AE27BFC11D009B8F75 /* sound-ding.mp3 in Resources */,
				972854AD27BFC11D009B8F75 /* sound-rise.mp3 in Resources */,
				971829E727BF0072006DE078 /* Preview Assets.xcassets in Resources */,
				972854AF27BFC11D009B8F75 /* sound-tap.mp3 in Resources */,
				971829E427BF0072006DE078 /* Assets.xcassets in Resources */,
			);
			runOnlyForDeploymentPostprocessing = 0;
		};
/* End PBXResourcesBuildPhase section */

/* Begin PBXSourcesBuildPhase section */
		971829D827BF006F006DE078 /* Sources */ = {
			isa = PBXSourcesBuildPhase;
			buildActionMask = 2147483647;
			files = (
				972854C727BFC152009B8F75 /* Persistence.swift in Sources */,
				972854BE27BFC143009B8F75 /* BackgroundImageView.swift in Sources */,
				972854CD27BFC166009B8F75 /* DevoteApp.swift in Sources */,
				972854B727BFC13D009B8F75 /* SoundPlayer.swift in Sources */,
				972854B227BFC127009B8F75 /* CheckboxStyle.swift in Sources */,
				972854BF27BFC143009B8F75 /* ListRowItemView.swift in Sources */,
				972854C027BFC143009B8F75 /* BlankView.swift in Sources */,
				972854C227BFC143009B8F75 /* ContentView.swift in Sources */,
				972854CB27BFC158009B8F75 /* HideKeyboardExtension.swift in Sources */,
				972854C127BFC143009B8F75 /* NewTaskItemView.swift in Sources */,
				972854C827BFC152009B8F75 /* Devote.xcdatamodeld in Sources */,
				972854B627BFC13D009B8F75 /* Constant.swift in Sources */,
			);
			runOnlyForDeploymentPostprocessing = 0;
		};
/* End PBXSourcesBuildPhase section */

/* Begin XCBuildConfiguration section */
		971829E827BF0072006DE078 /* Debug */ = {
			isa = XCBuildConfiguration;
			buildSettings = {
				ALWAYS_SEARCH_USER_PATHS = NO;
				CLANG_ANALYZER_NONNULL = YES;
				CLANG_ANALYZER_NUMBER_OBJECT_CONVERSION = YES_AGGRESSIVE;
				CLANG_CXX_LANGUAGE_STANDARD = "gnu++17";
				CLANG_CXX_LIBRARY = "libc++";
				CLANG_ENABLE_MODULES = YES;
				CLANG_ENABLE_OBJC_ARC = YES;
				CLANG_ENABLE_OBJC_WEAK = YES;
				CLANG_WARN_BLOCK_CAPTURE_AUTORELEASING = YES;
				CLANG_WARN_BOOL_CONVERSION = YES;
				CLANG_WARN_COMMA = YES;
				CLANG_WARN_CONSTANT_CONVERSION = YES;
				CLANG_WARN_DEPRECATED_OBJC_IMPLEMENTATIONS = YES;
				CLANG_WARN_DIRECT_OBJC_ISA_USAGE = YES_ERROR;
				CLANG_WARN_DOCUMENTATION_COMMENTS = YES;
				CLANG_WARN_EMPTY_BODY = YES;
				CLANG_WARN_ENUM_CONVERSION = YES;
				CLANG_WARN_INFINITE_RECURSION = YES;
				CLANG_WARN_INT_CONVERSION = YES;
				CLANG_WARN_NON_LITERAL_NULL_CONVERSION = YES;
				CLANG_WARN_OBJC_IMPLICIT_RETAIN_SELF = YES;
				CLANG_WARN_OBJC_LITERAL_CONVERSION = YES;
				CLANG_WARN_OBJC_ROOT_CLASS = YES_ERROR;
				CLANG_WARN_QUOTED_INCLUDE_IN_FRAMEWORK_HEADER = YES;
				CLANG_WARN_RANGE_LOOP_ANALYSIS = YES;
				CLANG_WARN_STRICT_PROTOTYPES = YES;
				CLANG_WARN_SUSPICIOUS_MOVE = YES;
				CLANG_WARN_UNGUARDED_AVAILABILITY = YES_AGGRESSIVE;
				CLANG_WARN_UNREACHABLE_CODE = YES;
				CLANG_WARN__DUPLICATE_METHOD_MATCH = YES;
				COPY_PHASE_STRIP = NO;
				DEBUG_INFORMATION_FORMAT = dwarf;
				ENABLE_STRICT_OBJC_MSGSEND = YES;
				ENABLE_TESTABILITY = YES;
				GCC_C_LANGUAGE_STANDARD = gnu11;
				GCC_DYNAMIC_NO_PIC = NO;
				GCC_NO_COMMON_BLOCKS = YES;
				GCC_OPTIMIZATION_LEVEL = 0;
				GCC_PREPROCESSOR_DEFINITIONS = (
					"DEBUG=1",
					"$(inherited)",
				);
				GCC_WARN_64_TO_32_BIT_CONVERSION = YES;
				GCC_WARN_ABOUT_RETURN_TYPE = YES_ERROR;
				GCC_WARN_UNDECLARED_SELECTOR = YES;
				GCC_WARN_UNINITIALIZED_AUTOS = YES_AGGRESSIVE;
				GCC_WARN_UNUSED_FUNCTION = YES;
				GCC_WARN_UNUSED_VARIABLE = YES;
				IPHONEOS_DEPLOYMENT_TARGET = 15.2;
				MTL_ENABLE_DEBUG_INFO = INCLUDE_SOURCE;
				MTL_FAST_MATH = YES;
				ONLY_ACTIVE_ARCH = YES;
				SDKROOT = iphoneos;
				SWIFT_ACTIVE_COMPILATION_CONDITIONS = DEBUG;
				SWIFT_OPTIMIZATION_LEVEL = "-Onone";
			};
			name = Debug;
		};
		971829E927BF0072006DE078 /* Release */ = {
			isa = XCBuildConfiguration;
			buildSettings = {
				ALWAYS_SEARCH_USER_PATHS = NO;
				CLANG_ANALYZER_NONNULL = YES;
				CLANG_ANALYZER_NUMBER_OBJECT_CONVERSION = YES_AGGRESSIVE;
				CLANG_CXX_LANGUAGE_STANDARD = "gnu++17";
				CLANG_CXX_LIBRARY = "libc++";
				CLANG_ENABLE_MODULES = YES;
				CLANG_ENABLE_OBJC_ARC = YES;
				CLANG_ENABLE_OBJC_WEAK = YES;
				CLANG_WARN_BLOCK_CAPTURE_AUTORELEASING = YES;
				CLANG_WARN_BOOL_CONVERSION = YES;
				CLANG_WARN_COMMA = YES;
				CLANG_WARN_CONSTANT_CONVERSION = YES;
				CLANG_WARN_DEPRECATED_OBJC_IMPLEMENTATIONS = YES;
				CLANG_WARN_DIRECT_OBJC_ISA_USAGE = YES_ERROR;
				CLANG_WARN_DOCUMENTATION_COMMENTS = YES;
				CLANG_WARN_EMPTY_BODY = YES;
				CLANG_WARN_ENUM_CONVERSION = YES;
				CLANG_WARN_INFINITE_RECURSION = YES;
				CLANG_WARN_INT_CONVERSION = YES;
				CLANG_WARN_NON_LITERAL_NULL_CONVERSION = YES;
				CLANG_WARN_OBJC_IMPLICIT_RETAIN_SELF = YES;
				CLANG_WARN_OBJC_LITERAL_CONVERSION = YES;
				CLANG_WARN_OBJC_ROOT_CLASS = YES_ERROR;
				CLANG_WARN_QUOTED_INCLUDE_IN_FRAMEWORK_HEADER = YES;
				CLANG_WARN_RANGE_LOOP_ANALYSIS = YES;
				CLANG_WARN_STRICT_PROTOTYPES = YES;
				CLANG_WARN_SUSPICIOUS_MOVE = YES;
				CLANG_WARN_UNGUARDED_AVAILABILITY = YES_AGGRESSIVE;
				CLANG_WARN_UNREACHABLE_CODE = YES;
				CLANG_WARN__DUPLICATE_METHOD_MATCH = YES;
				COPY_PHASE_STRIP = NO;
				DEBUG_INFORMATION_FORMAT = "dwarf-with-dsym";
				ENABLE_NS_ASSERTIONS = NO;
				ENABLE_STRICT_OBJC_MSGSEND = YES;
				GCC_C_LANGUAGE_STANDARD = gnu11;
				GCC_NO_COMMON_BLOCKS = YES;
				GCC_WARN_64_TO_32_BIT_CONVERSION = YES;
				GCC_WARN_ABOUT_RETURN_TYPE = YES_ERROR;
				GCC_WARN_UNDECLARED_SELECTOR = YES;
				GCC_WARN_UNINITIALIZED_AUTOS = YES_AGGRESSIVE;
				GCC_WARN_UNUSED_FUNCTION = YES;
				GCC_WARN_UNUSED_VARIABLE = YES;
				IPHONEOS_DEPLOYMENT_TARGET = 15.2;
				MTL_ENABLE_DEBUG_INFO = NO;
				MTL_FAST_MATH = YES;
				SDKROOT = iphoneos;
				SWIFT_COMPILATION_MODE = wholemodule;
				SWIFT_OPTIMIZATION_LEVEL = "-O";
				VALIDATE_PRODUCT = YES;
			};
			name = Release;
		};
		971829EB27BF0072006DE078 /* Debug */ = {
			isa = XCBuildConfiguration;
			buildSettings = {
				ASSETCATALOG_COMPILER_APPICON_NAME = AppIcon;
				ASSETCATALOG_COMPILER_GLOBAL_ACCENT_COLOR_NAME = AccentColor;
				CODE_SIGN_STYLE = Automatic;
				CURRENT_PROJECT_VERSION = 1;
				DEVELOPMENT_ASSET_PATHS = "\"Devote/Preview Content\"";
				ENABLE_PREVIEWS = YES;
				GENERATE_INFOPLIST_FILE = YES;
				INFOPLIST_KEY_UIApplicationSceneManifest_Generation = YES;
				INFOPLIST_KEY_UIApplicationSupportsIndirectInputEvents = YES;
				INFOPLIST_KEY_UILaunchScreen_Generation = YES;
				INFOPLIST_KEY_UISupportedInterfaceOrientations_iPad = "UIInterfaceOrientationPortrait UIInterfaceOrientationPortraitUpsideDown UIInterfaceOrientationLandscapeLeft UIInterfaceOrientationLandscapeRight";
				INFOPLIST_KEY_UISupportedInterfaceOrientations_iPhone = "UIInterfaceOrientationPortrait UIInterfaceOrientationLandscapeLeft UIInterfaceOrientationLandscapeRight";
				LD_RUNPATH_SEARCH_PATHS = (
					"$(inherited)",
					"@executable_path/Frameworks",
				);
				MARKETING_VERSION = 1.0;
				PRODUCT_BUNDLE_IDENTIFIER = co.sai.Devote;
				PRODUCT_NAME = "$(TARGET_NAME)";
				SWIFT_EMIT_LOC_STRINGS = YES;
				SWIFT_VERSION = 5.0;
				TARGETED_DEVICE_FAMILY = "1,2";
			};
			name = Debug;
		};
		971829EC27BF0072006DE078 /* Release */ = {
			isa = XCBuildConfiguration;
			buildSettings = {
				ASSETCATALOG_COMPILER_APPICON_NAME = AppIcon;
				ASSETCATALOG_COMPILER_GLOBAL_ACCENT_COLOR_NAME = AccentColor;
				CODE_SIGN_STYLE = Automatic;
				CURRENT_PROJECT_VERSION = 1;
				DEVELOPMENT_ASSET_PATHS = "\"Devote/Preview Content\"";
				ENABLE_PREVIEWS = YES;
				GENERATE_INFOPLIST_FILE = YES;
				INFOPLIST_KEY_UIApplicationSceneManifest_Generation = YES;
				INFOPLIST_KEY_UIApplicationSupportsIndirectInputEvents = YES;
				INFOPLIST_KEY_UILaunchScreen_Generation = YES;
				INFOPLIST_KEY_UISupportedInterfaceOrientations_iPad = "UIInterfaceOrientationPortrait UIInterfaceOrientationPortraitUpsideDown UIInterfaceOrientationLandscapeLeft UIInterfaceOrientationLandscapeRight";
				INFOPLIST_KEY_UISupportedInterfaceOrientations_iPhone = "UIInterfaceOrientationPortrait UIInterfaceOrientationLandscapeLeft UIInterfaceOrientationLandscapeRight";
				LD_RUNPATH_SEARCH_PATHS = (
					"$(inherited)",
					"@executable_path/Frameworks",
				);
				MARKETING_VERSION = 1.0;
				PRODUCT_BUNDLE_IDENTIFIER = co.sai.Devote;
				PRODUCT_NAME = "$(TARGET_NAME)";
				SWIFT_EMIT_LOC_STRINGS = YES;
				SWIFT_VERSION = 5.0;
				TARGETED_DEVICE_FAMILY = "1,2";
			};
			name = Release;
		};
/* End XCBuildConfiguration section */

/* Begin XCConfigurationList section */
		971829D727BF006F006DE078 /* Build configuration list for PBXProject "Devote" */ = {
			isa = XCConfigurationList;
			buildConfigurations = (
				971829E827BF0072006DE078 /* Debug */,
				971829E927BF0072006DE078 /* Release */,
			);
			defaultConfigurationIsVisible = 0;
			defaultConfigurationName = Release;
		};
		971829EA27BF0072006DE078 /* Build configuration list for PBXNativeTarget "Devote" */ = {
			isa = XCConfigurationList;
			buildConfigurations = (
				971829EB27BF0072006DE078 /* Debug */,
				971829EC27BF0072006DE078 /* Release */,
			);
			defaultConfigurationIsVisible = 0;
			defaultConfigurationName = Release;
		};
/* End XCConfigurationList section */

/* Begin XCVersionGroup section */
		972854C527BFC152009B8F75 /* Devote.xcdatamodeld */ = {
			isa = XCVersionGroup;
			children = (
				972854C627BFC152009B8F75 /* Devote.xcdatamodel */,
			);
			currentVersion = 972854C627BFC152009B8F75 /* Devote.xcdatamodel */;
			path = Devote.xcdatamodeld;
			sourceTree = "<group>";
			versionGroupType = wrapper.xcdatamodel;
		};
/* End XCVersionGroup section */
	};
	rootObject = 971829D427BF006F006DE078 /* Project object */;
}
